
Microsoft Visual Studio Solution File, Format Version 12.00
# Visual Studio 2012
Project("{FAE04EC0-301F-11D3-BF4B-00C04F79EFBC}") = "SimpleMVP.Android", "SimpleMVP\SimpleMVP.Android\SimpleMVP.Android.csproj", "{9549E657-8343-46A7-B2FF-4131B6FD01CE}"
EndProject
Project("{FAE04EC0-301F-11D3-BF4B-00C04F79EFBC}") = "SimpleMVP.iOS", "SimpleMVP\SimpleMVP.iOS\SimpleMVP.iOS.csproj", "{B3025796-8066-499C-B273-760E4BECA424}"
EndProject
Project("{FAE04EC0-301F-11D3-BF4B-00C04F79EFBC}") = "SimpleMVP", "SimpleMVP\SimpleMVP\SimpleMVP.csproj", "{0DED46F0-6E16-4CC0-A0AE-763C2C36691D}"
EndProject
Global
	GlobalSection(SolutionConfigurationPlatforms) = preSolution
		Debug|Any CPU = Debug|Any CPU
		Release|Any CPU = Release|Any CPU
		Debug|iPhoneSimulator = Debug|iPhoneSimulator
		Release|iPhone = Release|iPhone
		Release|iPhoneSimulator = Release|iPhoneSimulator
		Debug|iPhone = Debug|iPhone
	EndGlobalSection
	GlobalSection(ProjectConfigurationPlatforms) = postSolution
		{9549E657-8343-46A7-B2FF-4131B6FD01CE}.Debug|Any CPU.ActiveCfg = Debug|Any CPU
		{9549E657-8343-46A7-B2FF-4131B6FD01CE}.Debug|Any CPU.Build.0 = Debug|Any CPU
		{9549E657-8343-46A7-B2FF-4131B6FD01CE}.Release|Any CPU.ActiveCfg = Release|Any CPU
		{9549E657-8343-46A7-B2FF-4131B6FD01CE}.Release|Any CPU.Build.0 = Release|Any CPU
		{9549E657-8343-46A7-B2FF-4131B6FD01CE}.Debug|iPhoneSimulator.ActiveCfg = Debug|Any CPU
		{9549E657-8343-46A7-B2FF-4131B6FD01CE}.Release|iPhone.ActiveCfg = Release|Any CPU
		{9549E657-8343-46A7-B2FF-4131B6FD01CE}.Release|iPhoneSimulator.ActiveCfg = Release|Any CPU
		{9549E657-8343-46A7-B2FF-4131B6FD01CE}.Debug|iPhone.ActiveCfg = Debug|Any CPU
		{B3025796-8066-499C-B273-760E4BECA424}.Debug|Any CPU.ActiveCfg = Debug|Any CPU
		{B3025796-8066-499C-B273-760E4BECA424}.Debug|Any CPU.Build.0 = Debug|Any CPU
		{B3025796-8066-499C-B273-760E4BECA424}.Release|Any CPU.ActiveCfg = Release|Any CPU
		{B3025796-8066-499C-B273-760E4BECA424}.Release|Any CPU.Build.0 = Release|Any CPU
		{B3025796-8066-499C-B273-760E4BECA424}.Debug|iPhoneSimulator.ActiveCfg = Debug|Any CPU
		{B3025796-8066-499C-B273-760E4BECA424}.Debug|iPhoneSimulator.Build.0 = Debug|Any CPU
		{B3025796-8066-499C-B273-760E4BECA424}.Release|iPhone.ActiveCfg = Release|Any CPU
		{B3025796-8066-499C-B273-760E4BECA424}.Release|iPhone.Build.0 = Release|Any CPU
		{B3025796-8066-499C-B273-760E4BECA424}.Release|iPhoneSimulator.ActiveCfg = Release|Any CPU
		{B3025796-8066-499C-B273-760E4BECA424}.Release|iPhoneSimulator.Build.0 = Release|Any CPU
		{B3025796-8066-499C-B273-760E4BECA424}.Debug|iPhone.ActiveCfg = Debug|Any CPU
		{B3025796-8066-499C-B273-760E4BECA424}.Debug|iPhone.Build.0 = Debug|Any CPU
		{0DED46F0-6E16-4CC0-A0AE-763C2C36691D}.Debug|Any CPU.ActiveCfg = Debug|Any CPU
		{0DED46F0-6E16-4CC0-A0AE-763C2C36691D}.Debug|Any CPU.Build.0 = Debug|Any CPU
		{0DED46F0-6E16-4CC0-A0AE-763C2C36691D}.Release|Any CPU.ActiveCfg = Release|Any CPU
		{0DED46F0-6E16-4CC0-A0AE-763C2C36691D}.Release|Any CPU.Build.0 = Release|Any CPU
		{0DED46F0-6E16-4CC0-A0AE-763C2C36691D}.Debug|iPhoneSimulator.ActiveCfg = Debug|Any CPU
		{0DED46F0-6E16-4CC0-A0AE-763C2C36691D}.Debug|iPhoneSimulator.Build.0 = Debug|Any CPU
		{0DED46F0-6E16-4CC0-A0AE-763C2C36691D}.Release|iPhone.ActiveCfg = Release|Any CPU
		{0DED46F0-6E16-4CC0-A0AE-763C2C36691D}.Release|iPhone.Build.0 = Release|Any CPU
		{0DED46F0-6E16-4CC0-A0AE-763C2C36691D}.Release|iPhoneSimulator.ActiveCfg = Release|Any CPU
		{0DED46F0-6E16-4CC0-A0AE-763C2C36691D}.Release|iPhoneSimulator.Build.0 = Release|Any CPU
		{0DED46F0-6E16-4CC0-A0AE-763C2C36691D}.Debug|iPhone.ActiveCfg = Debug|Any CPU
		{0DED46F0-6E16-4CC0-A0AE-763C2C36691D}.Debug|iPhone.Build.0 = Debug|Any CPU
	EndGlobalSection
	GlobalSection(NestedProjects) = preSolution
	EndGlobalSection
	GlobalSection(MonoDevelopProperties) = preSolution
		Policies = $0
		$0.DotNetNamingPolicy = $1
	EndGlobalSection
EndGlobal
